// !$*UTF8*$!
{
	archiveVersion = 1;
	classes = {
	};
	objectVersion = 55;
	objects = {

/* Begin PBXBuildFile section */
		C00A094428319C26003E9CAA /* AppDelegate.swift in Sources */ = {isa = PBXBuildFile; fileRef = C00A094328319C26003E9CAA /* AppDelegate.swift */; };
		C00A094628319C26003E9CAA /* SceneDelegate.swift in Sources */ = {isa = PBXBuildFile; fileRef = C00A094528319C26003E9CAA /* SceneDelegate.swift */; };
		C00A094828319C26003E9CAA /* ViewController.swift in Sources */ = {isa = PBXBuildFile; fileRef = C00A094728319C26003E9CAA /* ViewController.swift */; };
		C00A094B28319C26003E9CAA /* Main.storyboard in Resources */ = {isa = PBXBuildFile; fileRef = C00A094928319C26003E9CAA /* Main.storyboard */; };
		C00A094D28319C27003E9CAA /* Assets.xcassets in Resources */ = {isa = PBXBuildFile; fileRef = C00A094C28319C27003E9CAA /* Assets.xcassets */; };
		C00A095028319C27003E9CAA /* LaunchScreen.storyboard in Resources */ = {isa = PBXBuildFile; fileRef = C00A094E28319C27003E9CAA /* LaunchScreen.storyboard */; };
		C00A095B28319C27003E9CAA /* pet_my_mind_challengeTests.swift in Sources */ = {isa = PBXBuildFile; fileRef = C00A095A28319C27003E9CAA /* pet_my_mind_challengeTests.swift */; };
		C00A096528319C27003E9CAA /* pet_my_mind_challengeUITests.swift in Sources */ = {isa = PBXBuildFile; fileRef = C00A096428319C27003E9CAA /* pet_my_mind_challengeUITests.swift */; };
		C00A096728319C27003E9CAA /* pet_my_mind_challengeUITestsLaunchTests.swift in Sources */ = {isa = PBXBuildFile; fileRef = C00A096628319C27003E9CAA /* pet_my_mind_challengeUITestsLaunchTests.swift */; };
		C04645C128356D820013DCDD /* tipsViewController.swift in Sources */ = {isa = PBXBuildFile; fileRef = C04645C028356D820013DCDD /* tipsViewController.swift */; };
		C04645C328356DAA0013DCDD /* aboutViewController.swift in Sources */ = {isa = PBXBuildFile; fileRef = C04645C228356DAA0013DCDD /* aboutViewController.swift */; };
		C04645C928356E4E0013DCDD /* CarouselViewController.swift in Sources */ = {isa = PBXBuildFile; fileRef = C04645C828356E4E0013DCDD /* CarouselViewController.swift */; };
		C04645CB28356EFA0013DCDD /* dayViewController.swift in Sources */ = {isa = PBXBuildFile; fileRef = C04645CA28356EFA0013DCDD /* dayViewController.swift */; };
		C0AC31B0283686610045F956 /* CarouselCell.swift in Sources */ = {isa = PBXBuildFile; fileRef = C0AC31AF283686610045F956 /* CarouselCell.swift */; };
		C0AC31B22836867C0045F956 /* CarouselView.swift in Sources */ = {isa = PBXBuildFile; fileRef = C0AC31B12836867C0045F956 /* CarouselView.swift */; };
/* End PBXBuildFile section */

/* Begin PBXContainerItemProxy section */
		C00A095728319C27003E9CAA /* PBXContainerItemProxy */ = {
			isa = PBXContainerItemProxy;
			containerPortal = C00A093828319C26003E9CAA /* Project object */;
			proxyType = 1;
			remoteGlobalIDString = C00A093F28319C26003E9CAA;
			remoteInfo = "pet-my-mind-challenge";
		};
		C00A096128319C27003E9CAA /* PBXContainerItemProxy */ = {
			isa = PBXContainerItemProxy;
			containerPortal = C00A093828319C26003E9CAA /* Project object */;
			proxyType = 1;
			remoteGlobalIDString = C00A093F28319C26003E9CAA;
			remoteInfo = "pet-my-mind-challenge";
		};
/* End PBXContainerItemProxy section */

/* Begin PBXFileReference section */
		C00A094028319C26003E9CAA /* pet-my-mind-challenge.app */ = {isa = PBXFileReference; explicitFileType = wrapper.application; includeInIndex = 0; path = "pet-my-mind-challenge.app"; sourceTree = BUILT_PRODUCTS_DIR; };
		C00A094328319C26003E9CAA /* AppDelegate.swift */ = {isa = PBXFileReference; lastKnownFileType = sourcecode.swift; path = AppDelegate.swift; sourceTree = "<group>"; };
		C00A094528319C26003E9CAA /* SceneDelegate.swift */ = {isa = PBXFileReference; lastKnownFileType = sourcecode.swift; path = SceneDelegate.swift; sourceTree = "<group>"; };
		C00A094728319C26003E9CAA /* ViewController.swift */ = {isa = PBXFileReference; lastKnownFileType = sourcecode.swift; path = ViewController.swift; sourceTree = "<group>"; };
		C00A094A28319C26003E9CAA /* Base */ = {isa = PBXFileReference; lastKnownFileType = file.storyboard; name = Base; path = Base.lproj/Main.storyboard; sourceTree = "<group>"; };
		C00A094C28319C27003E9CAA /* Assets.xcassets */ = {isa = PBXFileReference; lastKnownFileType = folder.assetcatalog; path = Assets.xcassets; sourceTree = "<group>"; };
		C00A094F28319C27003E9CAA /* Base */ = {isa = PBXFileReference; lastKnownFileType = file.storyboard; name = Base; path = Base.lproj/LaunchScreen.storyboard; sourceTree = "<group>"; };
		C00A095128319C27003E9CAA /* Info.plist */ = {isa = PBXFileReference; lastKnownFileType = text.plist.xml; path = Info.plist; sourceTree = "<group>"; };
		C00A095628319C27003E9CAA /* pet-my-mind-challengeTests.xctest */ = {isa = PBXFileReference; explicitFileType = wrapper.cfbundle; includeInIndex = 0; path = "pet-my-mind-challengeTests.xctest"; sourceTree = BUILT_PRODUCTS_DIR; };
		C00A095A28319C27003E9CAA /* pet_my_mind_challengeTests.swift */ = {isa = PBXFileReference; lastKnownFileType = sourcecode.swift; path = pet_my_mind_challengeTests.swift; sourceTree = "<group>"; };
		C00A096028319C27003E9CAA /* pet-my-mind-challengeUITests.xctest */ = {isa = PBXFileReference; explicitFileType = wrapper.cfbundle; includeInIndex = 0; path = "pet-my-mind-challengeUITests.xctest"; sourceTree = BUILT_PRODUCTS_DIR; };
		C00A096428319C27003E9CAA /* pet_my_mind_challengeUITests.swift */ = {isa = PBXFileReference; lastKnownFileType = sourcecode.swift; path = pet_my_mind_challengeUITests.swift; sourceTree = "<group>"; };
		C00A096628319C27003E9CAA /* pet_my_mind_challengeUITestsLaunchTests.swift */ = {isa = PBXFileReference; lastKnownFileType = sourcecode.swift; path = pet_my_mind_challengeUITestsLaunchTests.swift; sourceTree = "<group>"; };
		C04645C028356D820013DCDD /* tipsViewController.swift */ = {isa = PBXFileReference; lastKnownFileType = sourcecode.swift; path = tipsViewController.swift; sourceTree = "<group>"; };
		C04645C228356DAA0013DCDD /* aboutViewController.swift */ = {isa = PBXFileReference; lastKnownFileType = sourcecode.swift; path = aboutViewController.swift; sourceTree = "<group>"; };
		C04645C828356E4E0013DCDD /* CarouselViewController.swift */ = {isa = PBXFileReference; lastKnownFileType = sourcecode.swift; path = CarouselViewController.swift; sourceTree = "<group>"; };
		C04645CA28356EFA0013DCDD /* dayViewController.swift */ = {isa = PBXFileReference; lastKnownFileType = sourcecode.swift; path = dayViewController.swift; sourceTree = "<group>"; };
		C0AC31AF283686610045F956 /* CarouselCell.swift */ = {isa = PBXFileReference; lastKnownFileType = sourcecode.swift; path = CarouselCell.swift; sourceTree = "<group>"; };
		C0AC31B12836867C0045F956 /* CarouselView.swift */ = {isa = PBXFileReference; lastKnownFileType = sourcecode.swift; path = CarouselView.swift; sourceTree = "<group>"; };
/* End PBXFileReference section */

/* Begin PBXFrameworksBuildPhase section */
		C00A093D28319C26003E9CAA /* Frameworks */ = {
			isa = PBXFrameworksBuildPhase;
			buildActionMask = 2147483647;
			files = (
			);
			runOnlyForDeploymentPostprocessing = 0;
		};
		C00A095328319C27003E9CAA /* Frameworks */ = {
			isa = PBXFrameworksBuildPhase;
			buildActionMask = 2147483647;
			files = (
			);
			runOnlyForDeploymentPostprocessing = 0;
		};
		C00A095D28319C27003E9CAA /* Frameworks */ = {
			isa = PBXFrameworksBuildPhase;
			buildActionMask = 2147483647;
			files = (
			);
			runOnlyForDeploymentPostprocessing = 0;
		};
/* End PBXFrameworksBuildPhase section */

/* Begin PBXGroup section */
		C00A093728319C26003E9CAA = {
			isa = PBXGroup;
			children = (
				C00A094228319C26003E9CAA /* pet-my-mind-challenge */,
				C04645CF283582730013DCDD /* Flat Navigation */,
				C00A095928319C27003E9CAA /* pet-my-mind-challengeTests */,
				C00A096328319C27003E9CAA /* pet-my-mind-challengeUITests */,
				C00A094128319C26003E9CAA /* Products */,
			);
			sourceTree = "<group>";
		};
		C00A094128319C26003E9CAA /* Products */ = {
			isa = PBXGroup;
			children = (
				C00A094028319C26003E9CAA /* pet-my-mind-challenge.app */,
				C00A095628319C27003E9CAA /* pet-my-mind-challengeTests.xctest */,
				C00A096028319C27003E9CAA /* pet-my-mind-challengeUITests.xctest */,
			);
			name = Products;
			sourceTree = "<group>";
		};
		C00A094228319C26003E9CAA /* pet-my-mind-challenge */ = {
			isa = PBXGroup;
			children = (
				C0AC31B12836867C0045F956 /* CarouselView.swift */,
				C0AC31AF283686610045F956 /* CarouselCell.swift */,
				C00A094328319C26003E9CAA /* AppDelegate.swift */,
				C00A094528319C26003E9CAA /* SceneDelegate.swift */,
				C00A094728319C26003E9CAA /* ViewController.swift */,
				C00A094928319C26003E9CAA /* Main.storyboard */,
				C00A094C28319C27003E9CAA /* Assets.xcassets */,
				C04645C828356E4E0013DCDD /* CarouselViewController.swift */,
				C04645CA28356EFA0013DCDD /* dayViewController.swift */,
				C00A094E28319C27003E9CAA /* LaunchScreen.storyboard */,
				C00A095128319C27003E9CAA /* Info.plist */,
			);
			path = "pet-my-mind-challenge";
			sourceTree = "<group>";
		};
		C00A095928319C27003E9CAA /* pet-my-mind-challengeTests */ = {
			isa = PBXGroup;
			children = (
				C00A095A28319C27003E9CAA /* pet_my_mind_challengeTests.swift */,
			);
			path = "pet-my-mind-challengeTests";
			sourceTree = "<group>";
		};
		C00A096328319C27003E9CAA /* pet-my-mind-challengeUITests */ = {
			isa = PBXGroup;
			children = (
				C00A096428319C27003E9CAA /* pet_my_mind_challengeUITests.swift */,
				C00A096628319C27003E9CAA /* pet_my_mind_challengeUITestsLaunchTests.swift */,
			);
			path = "pet-my-mind-challengeUITests";
			sourceTree = "<group>";
		};
		C04645CF283582730013DCDD /* Flat Navigation */ = {
			isa = PBXGroup;
			children = (
				C04645C228356DAA0013DCDD /* aboutViewController.swift */,
				C04645C028356D820013DCDD /* tipsViewController.swift */,
			);
			name = "Flat Navigation";
			path = "pet-my-mind-challenge";
			sourceTree = "<group>";
		};
/* End PBXGroup section */

/* Begin PBXNativeTarget section */
		C00A093F28319C26003E9CAA /* pet-my-mind-challenge */ = {
			isa = PBXNativeTarget;
			buildConfigurationList = C00A096A28319C27003E9CAA /* Build configuration list for PBXNativeTarget "pet-my-mind-challenge" */;
			buildPhases = (
				C00A093C28319C26003E9CAA /* Sources */,
				C00A093D28319C26003E9CAA /* Frameworks */,
				C00A093E28319C26003E9CAA /* Resources */,
			);
			buildRules = (
			);
			dependencies = (
			);
			name = "pet-my-mind-challenge";
			productName = "pet-my-mind-challenge";
			productReference = C00A094028319C26003E9CAA /* pet-my-mind-challenge.app */;
			productType = "com.apple.product-type.application";
		};
		C00A095528319C27003E9CAA /* pet-my-mind-challengeTests */ = {
			isa = PBXNativeTarget;
			buildConfigurationList = C00A096D28319C27003E9CAA /* Build configuration list for PBXNativeTarget "pet-my-mind-challengeTests" */;
			buildPhases = (
				C00A095228319C27003E9CAA /* Sources */,
				C00A095328319C27003E9CAA /* Frameworks */,
				C00A095428319C27003E9CAA /* Resources */,
			);
			buildRules = (
			);
			dependencies = (
				C00A095828319C27003E9CAA /* PBXTargetDependency */,
			);
			name = "pet-my-mind-challengeTests";
			productName = "pet-my-mind-challengeTests";
			productReference = C00A095628319C27003E9CAA /* pet-my-mind-challengeTests.xctest */;
			productType = "com.apple.product-type.bundle.unit-test";
		};
		C00A095F28319C27003E9CAA /* pet-my-mind-challengeUITests */ = {
			isa = PBXNativeTarget;
			buildConfigurationList = C00A097028319C27003E9CAA /* Build configuration list for PBXNativeTarget "pet-my-mind-challengeUITests" */;
			buildPhases = (
				C00A095C28319C27003E9CAA /* Sources */,
				C00A095D28319C27003E9CAA /* Frameworks */,
				C00A095E28319C27003E9CAA /* Resources */,
			);
			buildRules = (
			);
			dependencies = (
				C00A096228319C27003E9CAA /* PBXTargetDependency */,
			);
			name = "pet-my-mind-challengeUITests";
			productName = "pet-my-mind-challengeUITests";
			productReference = C00A096028319C27003E9CAA /* pet-my-mind-challengeUITests.xctest */;
			productType = "com.apple.product-type.bundle.ui-testing";
		};
/* End PBXNativeTarget section */

/* Begin PBXProject section */
		C00A093828319C26003E9CAA /* Project object */ = {
			isa = PBXProject;
			attributes = {
				BuildIndependentTargetsInParallel = 1;
				LastSwiftUpdateCheck = 1320;
				LastUpgradeCheck = 1320;
				TargetAttributes = {
					C00A093F28319C26003E9CAA = {
						CreatedOnToolsVersion = 13.2.1;
					};
					C00A095528319C27003E9CAA = {
						CreatedOnToolsVersion = 13.2.1;
						TestTargetID = C00A093F28319C26003E9CAA;
					};
					C00A095F28319C27003E9CAA = {
						CreatedOnToolsVersion = 13.2.1;
						TestTargetID = C00A093F28319C26003E9CAA;
					};
				};
			};
			buildConfigurationList = C00A093B28319C26003E9CAA /* Build configuration list for PBXProject "pet-my-mind-challenge" */;
			compatibilityVersion = "Xcode 13.0";
			developmentRegion = en;
			hasScannedForEncodings = 0;
			knownRegions = (
				en,
				Base,
			);
			mainGroup = C00A093728319C26003E9CAA;
			productRefGroup = C00A094128319C26003E9CAA /* Products */;
			projectDirPath = "";
			projectRoot = "";
			targets = (
				C00A093F28319C26003E9CAA /* pet-my-mind-challenge */,
				C00A095528319C27003E9CAA /* pet-my-mind-challengeTests */,
				C00A095F28319C27003E9CAA /* pet-my-mind-challengeUITests */,
			);
		};
/* End PBXProject section */

/* Begin PBXResourcesBuildPhase section */
		C00A093E28319C26003E9CAA /* Resources */ = {
			isa = PBXResourcesBuildPhase;
			buildActionMask = 2147483647;
			files = (
				C00A095028319C27003E9CAA /* LaunchScreen.storyboard in Resources */,
				C00A094D28319C27003E9CAA /* Assets.xcassets in Resources */,
				C00A094B28319C26003E9CAA /* Main.storyboard in Resources */,
			);
			runOnlyForDeploymentPostprocessing = 0;
		};
		C00A095428319C27003E9CAA /* Resources */ = {
			isa = PBXResourcesBuildPhase;
			buildActionMask = 2147483647;
			files = (
			);
			runOnlyForDeploymentPostprocessing = 0;
		};
		C00A095E28319C27003E9CAA /* Resources */ = {
			isa = PBXResourcesBuildPhase;
			buildActionMask = 2147483647;
			files = (
			);
			runOnlyForDeploymentPostprocessing = 0;
		};
/* End PBXResourcesBuildPhase section */

/* Begin PBXSourcesBuildPhase section */
		C00A093C28319C26003E9CAA /* Sources */ = {
			isa = PBXSourcesBuildPhase;
			buildActionMask = 2147483647;
			files = (
				C00A094828319C26003E9CAA /* ViewController.swift in Sources */,
				C00A094428319C26003E9CAA /* AppDelegate.swift in Sources */,
				C04645C928356E4E0013DCDD /* CarouselViewController.swift in Sources */,
				C0AC31B0283686610045F956 /* CarouselCell.swift in Sources */,
				C0AC31B22836867C0045F956 /* CarouselView.swift in Sources */,
				C04645CB28356EFA0013DCDD /* dayViewController.swift in Sources */,
				C04645C128356D820013DCDD /* tipsViewController.swift in Sources */,
				C00A094628319C26003E9CAA /* SceneDelegate.swift in Sources */,
				C04645C328356DAA0013DCDD /* aboutViewController.swift in Sources */,
			);
			runOnlyForDeploymentPostprocessing = 0;
		};
		C00A095228319C27003E9CAA /* Sources */ = {
			isa = PBXSourcesBuildPhase;
			buildActionMask = 2147483647;
			files = (
				C00A095B28319C27003E9CAA /* pet_my_mind_challengeTests.swift in Sources */,
			);
			runOnlyForDeploymentPostprocessing = 0;
		};
		C00A095C28319C27003E9CAA /* Sources */ = {
			isa = PBXSourcesBuildPhase;
			buildActionMask = 2147483647;
			files = (
				C00A096728319C27003E9CAA /* pet_my_mind_challengeUITestsLaunchTests.swift in Sources */,
				C00A096528319C27003E9CAA /* pet_my_mind_challengeUITests.swift in Sources */,
			);
			runOnlyForDeploymentPostprocessing = 0;
		};
/* End PBXSourcesBuildPhase section */

/* Begin PBXTargetDependency section */
		C00A095828319C27003E9CAA /* PBXTargetDependency */ = {
			isa = PBXTargetDependency;
			target = C00A093F28319C26003E9CAA /* pet-my-mind-challenge */;
			targetProxy = C00A095728319C27003E9CAA /* PBXContainerItemProxy */;
		};
		C00A096228319C27003E9CAA /* PBXTargetDependency */ = {
			isa = PBXTargetDependency;
			target = C00A093F28319C26003E9CAA /* pet-my-mind-challenge */;
			targetProxy = C00A096128319C27003E9CAA /* PBXContainerItemProxy */;
		};
/* End PBXTargetDependency section */

/* Begin PBXVariantGroup section */
		C00A094928319C26003E9CAA /* Main.storyboard */ = {
			isa = PBXVariantGroup;
			children = (
				C00A094A28319C26003E9CAA /* Base */,
			);
			name = Main.storyboard;
			sourceTree = "<group>";
		};
		C00A094E28319C27003E9CAA /* LaunchScreen.storyboard */ = {
			isa = PBXVariantGroup;
			children = (
				C00A094F28319C27003E9CAA /* Base */,
			);
			name = LaunchScreen.storyboard;
			sourceTree = "<group>";
		};
/* End PBXVariantGroup section */

/* Begin XCBuildConfiguration section */
		C00A096828319C27003E9CAA /* Debug */ = {
			isa = XCBuildConfiguration;
			buildSettings = {
				ALWAYS_SEARCH_USER_PATHS = NO;
				CLANG_ANALYZER_NONNULL = YES;
				CLANG_ANALYZER_NUMBER_OBJECT_CONVERSION = YES_AGGRESSIVE;
				CLANG_CXX_LANGUAGE_STANDARD = "gnu++17";
				CLANG_CXX_LIBRARY = "libc++";
				CLANG_ENABLE_MODULES = YES;
				CLANG_ENABLE_OBJC_ARC = YES;
				CLANG_ENABLE_OBJC_WEAK = YES;
				CLANG_WARN_BLOCK_CAPTURE_AUTORELEASING = YES;
				CLANG_WARN_BOOL_CONVERSION = YES;
				CLANG_WARN_COMMA = YES;
				CLANG_WARN_CONSTANT_CONVERSION = YES;
				CLANG_WARN_DEPRECATED_OBJC_IMPLEMENTATIONS = YES;
				CLANG_WARN_DIRECT_OBJC_ISA_USAGE = YES_ERROR;
				CLANG_WARN_DOCUMENTATION_COMMENTS = YES;
				CLANG_WARN_EMPTY_BODY = YES;
				CLANG_WARN_ENUM_CONVERSION = YES;
				CLANG_WARN_INFINITE_RECURSION = YES;
				CLANG_WARN_INT_CONVERSION = YES;
				CLANG_WARN_NON_LITERAL_NULL_CONVERSION = YES;
				CLANG_WARN_OBJC_IMPLICIT_RETAIN_SELF = YES;
				CLANG_WARN_OBJC_LITERAL_CONVERSION = YES;
				CLANG_WARN_OBJC_ROOT_CLASS = YES_ERROR;
				CLANG_WARN_QUOTED_INCLUDE_IN_FRAMEWORK_HEADER = YES;
				CLANG_WARN_RANGE_LOOP_ANALYSIS = YES;
				CLANG_WARN_STRICT_PROTOTYPES = YES;
				CLANG_WARN_SUSPICIOUS_MOVE = YES;
				CLANG_WARN_UNGUARDED_AVAILABILITY = YES_AGGRESSIVE;
				CLANG_WARN_UNREACHABLE_CODE = YES;
				CLANG_WARN__DUPLICATE_METHOD_MATCH = YES;
				COPY_PHASE_STRIP = NO;
				DEBUG_INFORMATION_FORMAT = dwarf;
				ENABLE_STRICT_OBJC_MSGSEND = YES;
				ENABLE_TESTABILITY = YES;
				GCC_C_LANGUAGE_STANDARD = gnu11;
				GCC_DYNAMIC_NO_PIC = NO;
				GCC_NO_COMMON_BLOCKS = YES;
				GCC_OPTIMIZATION_LEVEL = 0;
				GCC_PREPROCESSOR_DEFINITIONS = (
					"DEBUG=1",
					"$(inherited)",
				);
				GCC_WARN_64_TO_32_BIT_CONVERSION = YES;
				GCC_WARN_ABOUT_RETURN_TYPE = YES_ERROR;
				GCC_WARN_UNDECLARED_SELECTOR = YES;
				GCC_WARN_UNINITIALIZED_AUTOS = YES_AGGRESSIVE;
				GCC_WARN_UNUSED_FUNCTION = YES;
				GCC_WARN_UNUSED_VARIABLE = YES;
				IPHONEOS_DEPLOYMENT_TARGET = 15.2;
				MTL_ENABLE_DEBUG_INFO = INCLUDE_SOURCE;
				MTL_FAST_MATH = YES;
				ONLY_ACTIVE_ARCH = YES;
				SDKROOT = iphoneos;
				SWIFT_ACTIVE_COMPILATION_CONDITIONS = DEBUG;
				SWIFT_OPTIMIZATION_LEVEL = "-Onone";
			};
			name = Debug;
		};
		C00A096928319C27003E9CAA /* Release */ = {
			isa = XCBuildConfiguration;
			buildSettings = {
				ALWAYS_SEARCH_USER_PATHS = NO;
				CLANG_ANALYZER_NONNULL = YES;
				CLANG_ANALYZER_NUMBER_OBJECT_CONVERSION = YES_AGGRESSIVE;
				CLANG_CXX_LANGUAGE_STANDARD = "gnu++17";
				CLANG_CXX_LIBRARY = "libc++";
				CLANG_ENABLE_MODULES = YES;
				CLANG_ENABLE_OBJC_ARC = YES;
				CLANG_ENABLE_OBJC_WEAK = YES;
				CLANG_WARN_BLOCK_CAPTURE_AUTORELEASING = YES;
				CLANG_WARN_BOOL_CONVERSION = YES;
				CLANG_WARN_COMMA = YES;
				CLANG_WARN_CONSTANT_CONVERSION = YES;
				CLANG_WARN_DEPRECATED_OBJC_IMPLEMENTATIONS = YES;
				CLANG_WARN_DIRECT_OBJC_ISA_USAGE = YES_ERROR;
				CLANG_WARN_DOCUMENTATION_COMMENTS = YES;
				CLANG_WARN_EMPTY_BODY = YES;
				CLANG_WARN_ENUM_CONVERSION = YES;
				CLANG_WARN_INFINITE_RECURSION = YES;
				CLANG_WARN_INT_CONVERSION = YES;
				CLANG_WARN_NON_LITERAL_NULL_CONVERSION = YES;
				CLANG_WARN_OBJC_IMPLICIT_RETAIN_SELF = YES;
				CLANG_WARN_OBJC_LITERAL_CONVERSION = YES;
				CLANG_WARN_OBJC_ROOT_CLASS = YES_ERROR;
				CLANG_WARN_QUOTED_INCLUDE_IN_FRAMEWORK_HEADER = YES;
				CLANG_WARN_RANGE_LOOP_ANALYSIS = YES;
				CLANG_WARN_STRICT_PROTOTYPES = YES;
				CLANG_WARN_SUSPICIOUS_MOVE = YES;
				CLANG_WARN_UNGUARDED_AVAILABILITY = YES_AGGRESSIVE;
				CLANG_WARN_UNREACHABLE_CODE = YES;
				CLANG_WARN__DUPLICATE_METHOD_MATCH = YES;
				COPY_PHASE_STRIP = NO;
				DEBUG_INFORMATION_FORMAT = "dwarf-with-dsym";
				ENABLE_NS_ASSERTIONS = NO;
				ENABLE_STRICT_OBJC_MSGSEND = YES;
				GCC_C_LANGUAGE_STANDARD = gnu11;
				GCC_NO_COMMON_BLOCKS = YES;
				GCC_WARN_64_TO_32_BIT_CONVERSION = YES;
				GCC_WARN_ABOUT_RETURN_TYPE = YES_ERROR;
				GCC_WARN_UNDECLARED_SELECTOR = YES;
				GCC_WARN_UNINITIALIZED_AUTOS = YES_AGGRESSIVE;
				GCC_WARN_UNUSED_FUNCTION = YES;
				GCC_WARN_UNUSED_VARIABLE = YES;
				IPHONEOS_DEPLOYMENT_TARGET = 15.2;
				MTL_ENABLE_DEBUG_INFO = NO;
				MTL_FAST_MATH = YES;
				SDKROOT = iphoneos;
				SWIFT_COMPILATION_MODE = wholemodule;
				SWIFT_OPTIMIZATION_LEVEL = "-O";
				VALIDATE_PRODUCT = YES;
			};
			name = Release;
		};
		C00A096B28319C27003E9CAA /* Debug */ = {
			isa = XCBuildConfiguration;
			buildSettings = {
				ASSETCATALOG_COMPILER_APPICON_NAME = AppIcon;
				ASSETCATALOG_COMPILER_GLOBAL_ACCENT_COLOR_NAME = AccentColor;
				CODE_SIGN_STYLE = Automatic;
				CURRENT_PROJECT_VERSION = 1;
				DEVELOPMENT_TEAM = Y587ZJ8Z8V;
				GENERATE_INFOPLIST_FILE = YES;
				INFOPLIST_FILE = "pet-my-mind-challenge/Info.plist";
				INFOPLIST_KEY_UIApplicationSupportsIndirectInputEvents = YES;
				INFOPLIST_KEY_UILaunchStoryboardName = LaunchScreen;
				INFOPLIST_KEY_UIMainStoryboardFile = Main;
				INFOPLIST_KEY_UISupportedInterfaceOrientations_iPad = "UIInterfaceOrientationPortrait UIInterfaceOrientationPortraitUpsideDown UIInterfaceOrientationLandscapeLeft UIInterfaceOrientationLandscapeRight";
				INFOPLIST_KEY_UISupportedInterfaceOrientations_iPhone = "UIInterfaceOrientationPortrait UIInterfaceOrientationLandscapeLeft UIInterfaceOrientationLandscapeRight";
				LD_RUNPATH_SEARCH_PATHS = (
					"$(inherited)",
					"@executable_path/Frameworks",
				);
				MARKETING_VERSION = 1.0;
				PRODUCT_BUNDLE_IDENTIFIER = "gms4.academy.pet-my-mind-challenge";
				PRODUCT_NAME = "$(TARGET_NAME)";
				SWIFT_EMIT_LOC_STRINGS = YES;
				SWIFT_VERSION = 5.0;
				TARGETED_DEVICE_FAMILY = "1,2";
			};
			name = Debug;
		};
		C00A096C28319C27003E9CAA /* Release */ = {
			isa = XCBuildConfiguration;
			buildSettings = {
				ASSETCATALOG_COMPILER_APPICON_NAME = AppIcon;
				ASSETCATALOG_COMPILER_GLOBAL_ACCENT_COLOR_NAME = AccentColor;
				CODE_SIGN_STYLE = Automatic;
				CURRENT_PROJECT_VERSION = 1;
				DEVELOPMENT_TEAM = Y587ZJ8Z8V;
				GENERATE_INFOPLIST_FILE = YES;
				INFOPLIST_FILE = "pet-my-mind-challenge/Info.plist";
				INFOPLIST_KEY_UIApplicationSupportsIndirectInputEvents = YES;
				INFOPLIST_KEY_UILaunchStoryboardName = LaunchScreen;
				INFOPLIST_KEY_UIMainStoryboardFile = Main;
				INFOPLIST_KEY_UISupportedInterfaceOrientations_iPad = "UIInterfaceOrientationPortrait UIInterfaceOrientationPortraitUpsideDown UIInterfaceOrientationLandscapeLeft UIInterfaceOrientationLandscapeRight";
				INFOPLIST_KEY_UISupportedInterfaceOrientations_iPhone = "UIInterfaceOrientationPortrait UIInterfaceOrientationLandscapeLeft UIInterfaceOrientationLandscapeRight";
				LD_RUNPATH_SEARCH_PATHS = (
					"$(inherited)",
					"@executable_path/Frameworks",
				);
				MARKETING_VERSION = 1.0;
				PRODUCT_BUNDLE_IDENTIFIER = "gms4.academy.pet-my-mind-challenge";
				PRODUCT_NAME = "$(TARGET_NAME)";
				SWIFT_EMIT_LOC_STRINGS = YES;
				SWIFT_VERSION = 5.0;
				TARGETED_DEVICE_FAMILY = "1,2";
			};
			name = Release;
		};
		C00A096E28319C27003E9CAA /* Debug */ = {
			isa = XCBuildConfiguration;
			buildSettings = {
				ALWAYS_EMBED_SWIFT_STANDARD_LIBRARIES = YES;
				BUNDLE_LOADER = "$(TEST_HOST)";
				CODE_SIGN_STYLE = Automatic;
				CURRENT_PROJECT_VERSION = 1;
				DEVELOPMENT_TEAM = Y587ZJ8Z8V;
				GENERATE_INFOPLIST_FILE = YES;
				IPHONEOS_DEPLOYMENT_TARGET = 15.2;
				MARKETING_VERSION = 1.0;
				PRODUCT_BUNDLE_IDENTIFIER = "gms4.academy.pet-my-mind-challengeTests";
				PRODUCT_NAME = "$(TARGET_NAME)";
				SWIFT_EMIT_LOC_STRINGS = NO;
				SWIFT_VERSION = 5.0;
				TARGETED_DEVICE_FAMILY = "1,2";
				TEST_HOST = "$(BUILT_PRODUCTS_DIR)/pet-my-mind-challenge.app/pet-my-mind-challenge";
			};
			name = Debug;
		};
		C00A096F28319C27003E9CAA /* Release */ = {
			isa = XCBuildConfiguration;
			buildSettings = {
				ALWAYS_EMBED_SWIFT_STANDARD_LIBRARIES = YES;
				BUNDLE_LOADER = "$(TEST_HOST)";
				CODE_SIGN_STYLE = Automatic;
				CURRENT_PROJECT_VERSION = 1;
				DEVELOPMENT_TEAM = Y587ZJ8Z8V;
				GENERATE_INFOPLIST_FILE = YES;
				IPHONEOS_DEPLOYMENT_TARGET = 15.2;
				MARKETING_VERSION = 1.0;
				PRODUCT_BUNDLE_IDENTIFIER = "gms4.academy.pet-my-mind-challengeTests";
				PRODUCT_NAME = "$(TARGET_NAME)";
				SWIFT_EMIT_LOC_STRINGS = NO;
				SWIFT_VERSION = 5.0;
				TARGETED_DEVICE_FAMILY = "1,2";
				TEST_HOST = "$(BUILT_PRODUCTS_DIR)/pet-my-mind-challenge.app/pet-my-mind-challenge";
			};
			name = Release;
		};
		C00A097128319C27003E9CAA /* Debug */ = {
			isa = XCBuildConfiguration;
			buildSettings = {
				ALWAYS_EMBED_SWIFT_STANDARD_LIBRARIES = YES;
				CODE_SIGN_STYLE = Automatic;
				CURRENT_PROJECT_VERSION = 1;
				DEVELOPMENT_TEAM = Y587ZJ8Z8V;
				GENERATE_INFOPLIST_FILE = YES;
				MARKETING_VERSION = 1.0;
				PRODUCT_BUNDLE_IDENTIFIER = "gms4.academy.pet-my-mind-challengeUITests";
				PRODUCT_NAME = "$(TARGET_NAME)";
				SWIFT_EMIT_LOC_STRINGS = NO;
				SWIFT_VERSION = 5.0;
				TARGETED_DEVICE_FAMILY = "1,2";
				TEST_TARGET_NAME = "pet-my-mind-challenge";
			};
			name = Debug;
		};
		C00A097228319C27003E9CAA /* Release */ = {
			isa = XCBuildConfiguration;
			buildSettings = {
				ALWAYS_EMBED_SWIFT_STANDARD_LIBRARIES = YES;
				CODE_SIGN_STYLE = Automatic;
				CURRENT_PROJECT_VERSION = 1;
				DEVELOPMENT_TEAM = Y587ZJ8Z8V;
				GENERATE_INFOPLIST_FILE = YES;
				MARKETING_VERSION = 1.0;
				PRODUCT_BUNDLE_IDENTIFIER = "gms4.academy.pet-my-mind-challengeUITests";
				PRODUCT_NAME = "$(TARGET_NAME)";
				SWIFT_EMIT_LOC_STRINGS = NO;
				SWIFT_VERSION = 5.0;
				TARGETED_DEVICE_FAMILY = "1,2";
				TEST_TARGET_NAME = "pet-my-mind-challenge";
			};
			name = Release;
		};
/* End XCBuildConfiguration section */

/* Begin XCConfigurationList section */
		C00A093B28319C26003E9CAA /* Build configuration list for PBXProject "pet-my-mind-challenge" */ = {
			isa = XCConfigurationList;
			buildConfigurations = (
				C00A096828319C27003E9CAA /* Debug */,
				C00A096928319C27003E9CAA /* Release */,
			);
			defaultConfigurationIsVisible = 0;
			defaultConfigurationName = Release;
		};
		C00A096A28319C27003E9CAA /* Build configuration list for PBXNativeTarget "pet-my-mind-challenge" */ = {
			isa = XCConfigurationList;
			buildConfigurations = (
				C00A096B28319C27003E9CAA /* Debug */,
				C00A096C28319C27003E9CAA /* Release */,
			);
			defaultConfigurationIsVisible = 0;
			defaultConfigurationName = Release;
		};
		C00A096D28319C27003E9CAA /* Build configuration list for PBXNativeTarget "pet-my-mind-challengeTests" */ = {
			isa = XCConfigurationList;
			buildConfigurations = (
				C00A096E28319C27003E9CAA /* Debug */,
				C00A096F28319C27003E9CAA /* Release */,
			);
			defaultConfigurationIsVisible = 0;
			defaultConfigurationName = Release;
		};
		C00A097028319C27003E9CAA /* Build configuration list for PBXNativeTarget "pet-my-mind-challengeUITests" */ = {
			isa = XCConfigurationList;
			buildConfigurations = (
				C00A097128319C27003E9CAA /* Debug */,
				C00A097228319C27003E9CAA /* Release */,
			);
			defaultConfigurationIsVisible = 0;
			defaultConfigurationName = Release;
		};
/* End XCConfigurationList section */
	};
	rootObject = C00A093828319C26003E9CAA /* Project object */;
}
